
Microsoft Visual Studio Solution File, Format Version 12.00
# Visual Studio Version 17
VisualStudioVersion = 17.9.34607.119
MinimumVisualStudioVersion = 10.0.40219.1
Project("{FAE04EC0-301F-11D3-BF4B-00C04F79EFBC}") = "EsemkaLibrary.Api", "EsemkaLibrary.Api\EsemkaLibrary.Api.csproj", "{DDA18C63-2EBB-48DB-972D-D64762A2295C}"
EndProject
Global
	GlobalSection(SolutionConfigurationPlatforms) = preSolution
		Debug|Any CPU = Debug|Any CPU
		Release|Any CPU = Release|Any CPU
	EndGlobalSection
	GlobalSection(ProjectConfigurationPlatforms) = postSolution
		{DDA18C63-2EBB-48DB-972D-D64762A2295C}.Debug|Any CPU.ActiveCfg = Debug|Any CPU
		{DDA18C63-2EBB-48DB-972D-D64762A2295C}.Debug|Any CPU.Build.0 = Debug|Any CPU
		{DDA18C63-2EBB-48DB-972D-D64762A2295C}.Release|Any CPU.ActiveCfg = Release|Any CPU
		{DDA18C63-2EBB-48DB-972D-D64762A2295C}.Release|Any CPU.Build.0 = Release|Any CPU
	EndGlobalSection
	GlobalSection(SolutionProperties) = preSolution
		HideSolutionNode = FALSE
	EndGlobalSection
	GlobalSection(ExtensibilityGlobals) = postSolution
		SolutionGuid = {965B1805-9B09-4193-BFB9-D55BF3CD92E4}
	EndGlobalSection
EndGlobal
